Microsoft Visual Studio Solution File, Format Version 11.00
# Visual Studio 2008

Project("{B0BE49CC-24A7-ED7D-75A5-1E08653A6333}") = "TestCallAndroid", "Assembly-CSharp.csproj", "{2B884FAF-A043-AAF1-C2C4-FF5A88E1BDEB}"
EndProject
Global
	GlobalSection(SolutionConfigurationPlatforms) = preSolution
		Debug|Any CPU = Debug|Any CPU
		Release|Any CPU = Release|Any CPU
	EndGlobalSection
	GlobalSection(ProjectConfigurationPlatforms) = postSolution
		{2B884FAF-A043-AAF1-C2C4-FF5A88E1BDEB}.Debug|Any CPU.ActiveCfg = Debug|Any CPU
		{2B884FAF-A043-AAF1-C2C4-FF5A88E1BDEB}.Debug|Any CPU.Build.0 = Debug|Any CPU
		{2B884FAF-A043-AAF1-C2C4-FF5A88E1BDEB}.Release|Any CPU.ActiveCfg = Release|Any CPU
		{2B884FAF-A043-AAF1-C2C4-FF5A88E1BDEB}.Release|Any CPU.Build.0 = Release|Any CPU
	EndGlobalSection
	GlobalSection(SolutionProperties) = preSolution
		HideSolutionNode = FALSE
	EndGlobalSection
	GlobalSection(MonoDevelopProperties) = preSolution
		StartupItem = Assembly-CSharp.csproj
	EndGlobalSection
EndGlobal
